{
  "name": "jensen-frontend",
  "version": "1.0.0",
  "lockfileVersion": 2,
  "requires": true,
  "packages": {
    "": {
      "name": "jensen-frontend",
      "version": "1.0.0",
      "license": "ISC",
      "dependencies": {
        "audit": "^0.0.6",
        "audit-log": "^0.9.1",
        "lodash": "^4.17.21"
      }
    },
    "node_modules/async": {
      "version": "0.1.22",
      "resolved": "https://registry.npmjs.org/async/-/async-0.1.22.tgz",
      "integrity": "sha1-D8GqoIig4+8Ovi2IMbqw3PiEUGE=",
      "engines": {
        "node": "*"
      }
    },
    "node_modules/audit": {
      "version": "0.0.6",
      "resolved": "https://registry.npmjs.org/audit/-/audit-0.0.6.tgz",
      "integrity": "sha1-/vF92Erx3NKlYz/UbTsa3LCEvzs=",
      "engines": {
        "node": ">= 0.5.0"
      }
    },
    "node_modules/audit-log": {
      "version": "0.9.1",
      "resolved": "https://registry.npmjs.org/audit-log/-/audit-log-0.9.1.tgz",
      "integrity": "sha1-GN3XQdq6Xo/FY3v1HfJiG4u49ak=",
      "dependencies": {
        "async": "0.1.22"
      },
      "engines": {
        "node": "*"
      }
    },
    "node_modules/lodash": {
      "version": "4.17.21",
      "resolved": "https://registry.npmjs.org/lodash/-/lodash-4.17.21.tgz",
      "integrity": "sha512-v2kDEe57lecTulaDIuNTPy3Ry4gLGJ6Z1O3vE1krgXZNrsQ+LFTGHVxVjcXPs17LhbZVGedAJv8XZ1tvj5FvSg=="
    }
  },
  "dependencies": {
    "async": {
      "version": "0.1.22",
      "resolved": "https://registry.npmjs.org/async/-/async-0.1.22.tgz",
      "integrity": "sha1-D8GqoIig4+8Ovi2IMbqw3PiEUGE="
    },
    "audit": {
      "version": "0.0.6",
      "resolved": "https://registry.npmjs.org/audit/-/audit-0.0.6.tgz",
      "integrity": "sha1-/vF92Erx3NKlYz/UbTsa3LCEvzs="
    },
    "audit-log": {
      "version": "0.9.1",
      "resolved": "https://registry.npmjs.org/audit-log/-/audit-log-0.9.1.tgz",
      "integrity": "sha1-GN3XQdq6Xo/FY3v1HfJiG4u49ak=",
      "requires": {
        "async": "0.1.22"
      }
    },
    "lodash": {
      "version": "4.17.21",
      "resolved": "https://registry.npmjs.org/lodash/-/lodash-4.17.21.tgz",
      "integrity": "sha512-v2kDEe57lecTulaDIuNTPy3Ry4gLGJ6Z1O3vE1krgXZNrsQ+LFTGHVxVjcXPs17LhbZVGedAJv8XZ1tvj5FvSg=="
    }
  }
}
